
Microsoft Visual Studio Solution File, Format Version 12.00
# Visual Studio 15
VisualStudioVersion = 15.0.26730.12
MinimumVisualStudioVersion = 10.0.40219.1
Project("{FAE04EC0-301F-11D3-BF4B-00C04F79EFBC}") = "Sorting", "Sorting\Sorting.csproj", "{857EB330-4B1D-4132-A804-1F828F116228}"
EndProject
Project("{FAE04EC0-301F-11D3-BF4B-00C04F79EFBC}") = "SortingTests", "SortingTests\SortingTests.csproj", "{8B83773B-0294-436C-A8C2-2A6A41B42A8E}"
EndProject
Global
	GlobalSection(SolutionConfigurationPlatforms) = preSolution
		Debug|Any CPU = Debug|Any CPU
		Release|Any CPU = Release|Any CPU
	EndGlobalSection
	GlobalSection(ProjectConfigurationPlatforms) = postSolution
		{857EB330-4B1D-4132-A804-1F828F116228}.Debug|Any CPU.ActiveCfg = Debug|Any CPU
		{857EB330-4B1D-4132-A804-1F828F116228}.Debug|Any CPU.Build.0 = Debug|Any CPU
		{857EB330-4B1D-4132-A804-1F828F116228}.Release|Any CPU.ActiveCfg = Release|Any CPU
		{857EB330-4B1D-4132-A804-1F828F116228}.Release|Any CPU.Build.0 = Release|Any CPU
		{8B83773B-0294-436C-A8C2-2A6A41B42A8E}.Debug|Any CPU.ActiveCfg = Debug|Any CPU
		{8B83773B-0294-436C-A8C2-2A6A41B42A8E}.Debug|Any CPU.Build.0 = Debug|Any CPU
		{8B83773B-0294-436C-A8C2-2A6A41B42A8E}.Release|Any CPU.ActiveCfg = Release|Any CPU
		{8B83773B-0294-436C-A8C2-2A6A41B42A8E}.Release|Any CPU.Build.0 = Release|Any CPU
	EndGlobalSection
	GlobalSection(SolutionProperties) = preSolution
		HideSolutionNode = FALSE
	EndGlobalSection
	GlobalSection(ExtensibilityGlobals) = postSolution
		SolutionGuid = {DF5B192E-28F0-44F1-A4E0-E075BDA72CB4}
	EndGlobalSection
EndGlobal
